
Microsoft Visual Studio Solution File, Format Version 12.00
# Visual Studio 15
VisualStudioVersion = 15.0.26228.9
MinimumVisualStudioVersion = 10.0.40219.1
Project("{9A19103F-16F7-4668-BE54-9A1E7A4F7556}") = "Settings", "src\Settings.csproj", "{C324E3B1-AFE2-40F8-937C-FE9B4BE873E2}"
EndProject
Project("{2150E333-8FDC-42A3-9474-1A3956D46DE8}") = "Repo", "Repo", "{BB1F6AC1-60E7-41F8-89B9-C7B813B27EEA}"
	ProjectSection(SolutionItems) = preProject
		.gitignore = .gitignore
	EndProjectSection
EndProject
Global
	GlobalSection(SolutionConfigurationPlatforms) = preSolution
		Debug|Any CPU = Debug|Any CPU
		Release|Any CPU = Release|Any CPU
	EndGlobalSection
	GlobalSection(ProjectConfigurationPlatforms) = postSolution
		{C324E3B1-AFE2-40F8-937C-FE9B4BE873E2}.Debug|Any CPU.ActiveCfg = Debug|Any CPU
		{C324E3B1-AFE2-40F8-937C-FE9B4BE873E2}.Debug|Any CPU.Build.0 = Debug|Any CPU
		{C324E3B1-AFE2-40F8-937C-FE9B4BE873E2}.Release|Any CPU.ActiveCfg = Release|Any CPU
		{C324E3B1-AFE2-40F8-937C-FE9B4BE873E2}.Release|Any CPU.Build.0 = Release|Any CPU
	EndGlobalSection
	GlobalSection(SolutionProperties) = preSolution
		HideSolutionNode = FALSE
	EndGlobalSection
EndGlobal
